// !$*UTF8*$!
{
	archiveVersion = 1;
	classes = {
	};
	objectVersion = 77;
	objects = {

/* Begin PBXBuildFile section */
		3004EF68DC67B70942BC75F2 /* AppDelegate.swift in Sources */ = {isa = PBXBuildFile; fileRef = FB445B38AD672E47156FACCB /* AppDelegate.swift */; };
		499D030563E427DD7449DA2C /* DateWindows.swift in Sources */ = {isa = PBXBuildFile; fileRef = FF7470E8C3E7DAD57775D5ED /* DateWindows.swift */; };
		4F53CA6379FCB83C62599F24 /* Screenshotter.swift in Sources */ = {isa = PBXBuildFile; fileRef = 5B505F4193DEC7CD6EBD41FC /* Screenshotter.swift */; };
		54FC880674DD477670006F88 /* SQLiteDatabase.swift in Sources */ = {isa = PBXBuildFile; fileRef = B4BF1AC92A4F819CFA6D3DBC /* SQLiteDatabase.swift */; };
		5CCECC229058C5E9BFED96C2 /* TrendChartView.swift in Sources */ = {isa = PBXBuildFile; fileRef = B72676CA907F2238E88B688A /* TrendChartView.swift */; };
		63E7536505C432B2F6EE72B5 /* UBTokens.swift in Sources */ = {isa = PBXBuildFile; fileRef = 92D5C49B691313B03BFEB428 /* UBTokens.swift */; };
		6837C39623DE40029B6DF4D2 /* UsageModels.swift in Sources */ = {isa = PBXBuildFile; fileRef = AB23E69852C59F66733972F0 /* UsageModels.swift */; };
		6CBFE152B555E35765DCB63B /* ccMonitorApp.swift in Sources */ = {isa = PBXBuildFile; fileRef = 4FC17AB1B273AF4A41A917D9 /* ccMonitorApp.swift */; };
		6CECACB40A119D0EF593B192 /* HeatmapView.swift in Sources */ = {isa = PBXBuildFile; fileRef = 908D086F1B17E10ED67D1DFC /* HeatmapView.swift */; };
		72CDFE1B21A646B74ECA57D0 /* DataStore.swift in Sources */ = {isa = PBXBuildFile; fileRef = 7A6A363D17AC5A835A00DD21 /* DataStore.swift */; };
		957208A9F94D9DCFDA0DF70E /* PricingStore.swift in Sources */ = {isa = PBXBuildFile; fileRef = 641D28D7A06898C09CE0CCBD /* PricingStore.swift */; };
		9622CF639BCAA42312F549BC /* DashboardView.swift in Sources */ = {isa = PBXBuildFile; fileRef = C39F2F3A16DFF2B68812F40D /* DashboardView.swift */; };
		989B4F0717DB89B9BF312CED /* CacheRateLevelTests.swift in Sources */ = {isa = PBXBuildFile; fileRef = FE565B0F1424F5B57FDD9212 /* CacheRateLevelTests.swift */; };
		9D9F2C18D7E2F9760B8B5F1B /* TimeRangeSelector.swift in Sources */ = {isa = PBXBuildFile; fileRef = E67A6E4055DF2DDF5F13D6FD /* TimeRangeSelector.swift */; };
		A4FA66140373C40E316035E8 /* DateWindowsTests.swift in Sources */ = {isa = PBXBuildFile; fileRef = A0652A385ED658CAA5CE47CB /* DateWindowsTests.swift */; };
		B239E49782FB399DF952A36F /* PricingTests.swift in Sources */ = {isa = PBXBuildFile; fileRef = 10C4EF82E79491C35B375A14 /* PricingTests.swift */; };
		BD8B9D26C628249FAB5D9880 /* SummaryView.swift in Sources */ = {isa = PBXBuildFile; fileRef = B19E8EA4137BC15AC8201EBA /* SummaryView.swift */; };
		C480F9F5785088C97416DE3C /* SettingsView.swift in Sources */ = {isa = PBXBuildFile; fileRef = BDD291B3135AE2615ACBF82A /* SettingsView.swift */; };
		C659118F1C52BDB8A0AE3F3D /* Pricing.swift in Sources */ = {isa = PBXBuildFile; fileRef = EDFC59DC26D40D3AC62EA763 /* Pricing.swift */; };
		C6AD5A0678EBE3365FC811C5 /* ModelListView.swift in Sources */ = {isa = PBXBuildFile; fileRef = 8AFD65721D1F602F0FB1F748 /* ModelListView.swift */; };
		C6F7D760206E578EC2788659 /* PlaceholderTests.swift in Sources */ = {isa = PBXBuildFile; fileRef = B2D848A863501766BC6A53E2 /* PlaceholderTests.swift */; };
		C94A5D7C1359506C7C584CC6 /* FormattersTests.swift in Sources */ = {isa = PBXBuildFile; fileRef = FA7E42D60A61E7AAB7345B8B /* FormattersTests.swift */; };
		D76DB6B4B3A698859074F70B /* UsageRepository.swift in Sources */ = {isa = PBXBuildFile; fileRef = 29FAC08B86F5EE317B1E790E /* UsageRepository.swift */; };
		D7BE4EA21A73BC4255895154 /* UsageRepositoryTests.swift in Sources */ = {isa = PBXBuildFile; fileRef = 5840D24369B22037DB0C3CEA /* UsageRepositoryTests.swift */; };
		E6F70463B0D1DE72A108AEBC /* Formatters.swift in Sources */ = {isa = PBXBuildFile; fileRef = 445110865931D8327C8BD84E /* Formatters.swift */; };
		F52F5E082DCE8FA47E5C3ECD /* SettingsStore.swift in Sources */ = {isa = PBXBuildFile; fileRef = 041AB3E63FEA8B44980BCE10 /* SettingsStore.swift */; };
		F7FC7464D787EB1C13BDB50C /* UsageProgressBar.swift in Sources */ = {isa = PBXBuildFile; fileRef = 81B160B09BE733A1FCD260CF /* UsageProgressBar.swift */; };
		FA460544E69B120972132625 /* SnapshotView.swift in Sources */ = {isa = PBXBuildFile; fileRef = 04A80C04E423FAA18D23FDD9 /* SnapshotView.swift */; };
/* End PBXBuildFile section */

/* Begin PBXContainerItemProxy section */
		C29DBE0FFA3D0A9FF506EA74 /* PBXContainerItemProxy */ = {
			isa = PBXContainerItemProxy;
			containerPortal = C2EC05414CF510DB9B5811D0 /* Project object */;
			proxyType = 1;
			remoteGlobalIDString = 753EFA2DE55D18E9775D7B5E;
			remoteInfo = ccMonitor;
		};
/* End PBXContainerItemProxy section */

/* Begin PBXFileReference section */
		041AB3E63FEA8B44980BCE10 /* SettingsStore.swift */ = {isa = PBXFileReference; lastKnownFileType = sourcecode.swift; path = SettingsStore.swift; sourceTree = "<group>"; };
		04A80C04E423FAA18D23FDD9 /* SnapshotView.swift */ = {isa = PBXFileReference; lastKnownFileType = sourcecode.swift; path = SnapshotView.swift; sourceTree = "<group>"; };
		10C4EF82E79491C35B375A14 /* PricingTests.swift */ = {isa = PBXFileReference; lastKnownFileType = sourcecode.swift; path = PricingTests.swift; sourceTree = "<group>"; };
		284C0E0DD0643121EEC8FE24 /* ccMonitorTests.xctest */ = {isa = PBXFileReference; explicitFileType = wrapper.cfbundle; includeInIndex = 0; path = ccMonitorTests.xctest; sourceTree = BUILT_PRODUCTS_DIR; };
		29FAC08B86F5EE317B1E790E /* UsageRepository.swift */ = {isa = PBXFileReference; lastKnownFileType = sourcecode.swift; path = UsageRepository.swift; sourceTree = "<group>"; };
		445110865931D8327C8BD84E /* Formatters.swift */ = {isa = PBXFileReference; lastKnownFileType = sourcecode.swift; path = Formatters.swift; sourceTree = "<group>"; };
		4FC17AB1B273AF4A41A917D9 /* ccMonitorApp.swift */ = {isa = PBXFileReference; lastKnownFileType = sourcecode.swift; path = ccMonitorApp.swift; sourceTree = "<group>"; };
		5840D24369B22037DB0C3CEA /* UsageRepositoryTests.swift */ = {isa = PBXFileReference; lastKnownFileType = sourcecode.swift; path = UsageRepositoryTests.swift; sourceTree = "<group>"; };
		5B505F4193DEC7CD6EBD41FC /* Screenshotter.swift */ = {isa = PBXFileReference; lastKnownFileType = sourcecode.swift; path = Screenshotter.swift; sourceTree = "<group>"; };
		641D28D7A06898C09CE0CCBD /* PricingStore.swift */ = {isa = PBXFileReference; lastKnownFileType = sourcecode.swift; path = PricingStore.swift; sourceTree = "<group>"; };
		7A6A363D17AC5A835A00DD21 /* DataStore.swift */ = {isa = PBXFileReference; lastKnownFileType = sourcecode.swift; path = DataStore.swift; sourceTree = "<group>"; };
		81B160B09BE733A1FCD260CF /* UsageProgressBar.swift */ = {isa = PBXFileReference; lastKnownFileType = sourcecode.swift; path = UsageProgressBar.swift; sourceTree = "<group>"; };
		8AFD65721D1F602F0FB1F748 /* ModelListView.swift */ = {isa = PBXFileReference; lastKnownFileType = sourcecode.swift; path = ModelListView.swift; sourceTree = "<group>"; };
		908D086F1B17E10ED67D1DFC /* HeatmapView.swift */ = {isa = PBXFileReference; lastKnownFileType = sourcecode.swift; path = HeatmapView.swift; sourceTree = "<group>"; };
		92D5C49B691313B03BFEB428 /* UBTokens.swift */ = {isa = PBXFileReference; lastKnownFileType = sourcecode.swift; path = UBTokens.swift; sourceTree = "<group>"; };
		A0652A385ED658CAA5CE47CB /* DateWindowsTests.swift */ = {isa = PBXFileReference; lastKnownFileType = sourcecode.swift; path = DateWindowsTests.swift; sourceTree = "<group>"; };
		AB23E69852C59F66733972F0 /* UsageModels.swift */ = {isa = PBXFileReference; lastKnownFileType = sourcecode.swift; path = UsageModels.swift; sourceTree = "<group>"; };
		B19E8EA4137BC15AC8201EBA /* SummaryView.swift */ = {isa = PBXFileReference; lastKnownFileType = sourcecode.swift; path = SummaryView.swift; sourceTree = "<group>"; };
		B2D848A863501766BC6A53E2 /* PlaceholderTests.swift */ = {isa = PBXFileReference; lastKnownFileType = sourcecode.swift; path = PlaceholderTests.swift; sourceTree = "<group>"; };
		B4BF1AC92A4F819CFA6D3DBC /* SQLiteDatabase.swift */ = {isa = PBXFileReference; lastKnownFileType = sourcecode.swift; path = SQLiteDatabase.swift; sourceTree = "<group>"; };
		B72676CA907F2238E88B688A /* TrendChartView.swift */ = {isa = PBXFileReference; lastKnownFileType = sourcecode.swift; path = TrendChartView.swift; sourceTree = "<group>"; };
		BDD291B3135AE2615ACBF82A /* SettingsView.swift */ = {isa = PBXFileReference; lastKnownFileType = sourcecode.swift; path = SettingsView.swift; sourceTree = "<group>"; };
		C39F2F3A16DFF2B68812F40D /* DashboardView.swift */ = {isa = PBXFileReference; lastKnownFileType = sourcecode.swift; path = DashboardView.swift; sourceTree = "<group>"; };
		E67A6E4055DF2DDF5F13D6FD /* TimeRangeSelector.swift */ = {isa = PBXFileReference; lastKnownFileType = sourcecode.swift; path = TimeRangeSelector.swift; sourceTree = "<group>"; };
		ECCE475913DF220B27F99452 /* ccMonitor.app */ = {isa = PBXFileReference; explicitFileType = wrapper.application; includeInIndex = 0; path = ccMonitor.app; sourceTree = BUILT_PRODUCTS_DIR; };
		EDFC59DC26D40D3AC62EA763 /* Pricing.swift */ = {isa = PBXFileReference; lastKnownFileType = sourcecode.swift; path = Pricing.swift; sourceTree = "<group>"; };
		FA7E42D60A61E7AAB7345B8B /* FormattersTests.swift */ = {isa = PBXFileReference; lastKnownFileType = sourcecode.swift; path = FormattersTests.swift; sourceTree = "<group>"; };
		FB445B38AD672E47156FACCB /* AppDelegate.swift */ = {isa = PBXFileReference; lastKnownFileType = sourcecode.swift; path = AppDelegate.swift; sourceTree = "<group>"; };
		FE565B0F1424F5B57FDD9212 /* CacheRateLevelTests.swift */ = {isa = PBXFileReference; lastKnownFileType = sourcecode.swift; path = CacheRateLevelTests.swift; sourceTree = "<group>"; };
		FF7470E8C3E7DAD57775D5ED /* DateWindows.swift */ = {isa = PBXFileReference; lastKnownFileType = sourcecode.swift; path = DateWindows.swift; sourceTree = "<group>"; };
/* End PBXFileReference section */

/* Begin PBXGroup section */
		0944A1E50D6E6B724C8DD147 /* Models */ = {
			isa = PBXGroup;
			children = (
				EDFC59DC26D40D3AC62EA763 /* Pricing.swift */,
				AB23E69852C59F66733972F0 /* UsageModels.swift */,
			);
			path = Models;
			sourceTree = "<group>";
		};
		21D62C447FCF885F11A238C4 /* Components */ = {
			isa = PBXGroup;
			children = (
				445110865931D8327C8BD84E /* Formatters.swift */,
				E67A6E4055DF2DDF5F13D6FD /* TimeRangeSelector.swift */,
				92D5C49B691313B03BFEB428 /* UBTokens.swift */,
				81B160B09BE733A1FCD260CF /* UsageProgressBar.swift */,
			);
			path = Components;
			sourceTree = "<group>";
		};
		306C9A45AD7E4A106D6A187D /* Views */ = {
			isa = PBXGroup;
			children = (
				C39F2F3A16DFF2B68812F40D /* DashboardView.swift */,
				908D086F1B17E10ED67D1DFC /* HeatmapView.swift */,
				8AFD65721D1F602F0FB1F748 /* ModelListView.swift */,
				BDD291B3135AE2615ACBF82A /* SettingsView.swift */,
				04A80C04E423FAA18D23FDD9 /* SnapshotView.swift */,
				B19E8EA4137BC15AC8201EBA /* SummaryView.swift */,
				B72676CA907F2238E88B688A /* TrendChartView.swift */,
				21D62C447FCF885F11A238C4 /* Components */,
			);
			path = Views;
			sourceTree = "<group>";
		};
		34B077AC36A90196583BAEA9 /* ccMonitorTests */ = {
			isa = PBXGroup;
			children = (
				FE565B0F1424F5B57FDD9212 /* CacheRateLevelTests.swift */,
				A0652A385ED658CAA5CE47CB /* DateWindowsTests.swift */,
				FA7E42D60A61E7AAB7345B8B /* FormattersTests.swift */,
				B2D848A863501766BC6A53E2 /* PlaceholderTests.swift */,
				10C4EF82E79491C35B375A14 /* PricingTests.swift */,
				5840D24369B22037DB0C3CEA /* UsageRepositoryTests.swift */,
			);
			path = ccMonitorTests;
			sourceTree = "<group>";
		};
		3DC9C1835ECF31C5DED786C9 = {
			isa = PBXGroup;
			children = (
				BB248987CA0F6BE5494FC753 /* ccMonitor */,
				34B077AC36A90196583BAEA9 /* ccMonitorTests */,
				7FA67A02C7AB7FDB77500D49 /* Products */,
			);
			sourceTree = "<group>";
		};
		7FA67A02C7AB7FDB77500D49 /* Products */ = {
			isa = PBXGroup;
			children = (
				ECCE475913DF220B27F99452 /* ccMonitor.app */,
				284C0E0DD0643121EEC8FE24 /* ccMonitorTests.xctest */,
			);
			name = Products;
			sourceTree = "<group>";
		};
		A2CCB2B7BCB29716841853CA /* Data */ = {
			isa = PBXGroup;
			children = (
				FF7470E8C3E7DAD57775D5ED /* DateWindows.swift */,
				B4BF1AC92A4F819CFA6D3DBC /* SQLiteDatabase.swift */,
				29FAC08B86F5EE317B1E790E /* UsageRepository.swift */,
			);
			path = Data;
			sourceTree = "<group>";
		};
		ACAB4D9899684A51BA4B369E /* Stores */ = {
			isa = PBXGroup;
			children = (
				7A6A363D17AC5A835A00DD21 /* DataStore.swift */,
				641D28D7A06898C09CE0CCBD /* PricingStore.swift */,
				041AB3E63FEA8B44980BCE10 /* SettingsStore.swift */,
			);
			path = Stores;
			sourceTree = "<group>";
		};
		BB248987CA0F6BE5494FC753 /* ccMonitor */ = {
			isa = PBXGroup;
			children = (
				FB445B38AD672E47156FACCB /* AppDelegate.swift */,
				4FC17AB1B273AF4A41A917D9 /* ccMonitorApp.swift */,
				A2CCB2B7BCB29716841853CA /* Data */,
				0944A1E50D6E6B724C8DD147 /* Models */,
				EEC03E4D9DAEB91B3300DBDE /* Services */,
				ACAB4D9899684A51BA4B369E /* Stores */,
				306C9A45AD7E4A106D6A187D /* Views */,
			);
			path = ccMonitor;
			sourceTree = "<group>";
		};
		EEC03E4D9DAEB91B3300DBDE /* Services */ = {
			isa = PBXGroup;
			children = (
				5B505F4193DEC7CD6EBD41FC /* Screenshotter.swift */,
			);
			path = Services;
			sourceTree = "<group>";
		};
/* End PBXGroup section */

/* Begin PBXNativeTarget section */
		753EFA2DE55D18E9775D7B5E /* ccMonitor */ = {
			isa = PBXNativeTarget;
			buildConfigurationList = E10ECA17434EBC04781B6C46 /* Build configuration list for PBXNativeTarget "ccMonitor" */;
			buildPhases = (
				1E814BAFDD94157EC66A4882 /* Sources */,
			);
			buildRules = (
			);
			dependencies = (
			);
			name = ccMonitor;
			packageProductDependencies = (
			);
			productName = ccMonitor;
			productReference = ECCE475913DF220B27F99452 /* ccMonitor.app */;
			productType = "com.apple.product-type.application";
		};
		FA6096CD46CE251AE53FC04A /* ccMonitorTests */ = {
			isa = PBXNativeTarget;
			buildConfigurationList = 12E1476427796755CEA8343E /* Build configuration list for PBXNativeTarget "ccMonitorTests" */;
			buildPhases = (
				1BC4C44DC220943642DFA86C /* Sources */,
			);
			buildRules = (
			);
			dependencies = (
				0EAABD197A8D224493CD6FD6 /* PBXTargetDependency */,
			);
			name = ccMonitorTests;
			packageProductDependencies = (
			);
			productName = ccMonitorTests;
			productReference = 284C0E0DD0643121EEC8FE24 /* ccMonitorTests.xctest */;
			productType = "com.apple.product-type.bundle.unit-test";
		};
/* End PBXNativeTarget section */

/* Begin PBXProject section */
		C2EC05414CF510DB9B5811D0 /* Project object */ = {
			isa = PBXProject;
			attributes = {
				BuildIndependentTargetsInParallel = YES;
				LastUpgradeCheck = 1430;
				TargetAttributes = {
					753EFA2DE55D18E9775D7B5E = {
						ProvisioningStyle = Automatic;
					};
					FA6096CD46CE251AE53FC04A = {
						ProvisioningStyle = Automatic;
					};
				};
			};
			buildConfigurationList = 1A9E3A21BA799BDBEEAD5012 /* Build configuration list for PBXProject "ccMonitor" */;
			developmentRegion = en;
			hasScannedForEncodings = 0;
			knownRegions = (
				Base,
				en,
			);
			mainGroup = 3DC9C1835ECF31C5DED786C9;
			minimizedProjectReferenceProxies = 1;
			preferredProjectObjectVersion = 77;
			productRefGroup = 7FA67A02C7AB7FDB77500D49 /* Products */;
			projectDirPath = "";
			projectRoot = "";
			targets = (
				753EFA2DE55D18E9775D7B5E /* ccMonitor */,
				FA6096CD46CE251AE53FC04A /* ccMonitorTests */,
			);
		};
/* End PBXProject section */

/* Begin PBXSourcesBuildPhase section */
		1BC4C44DC220943642DFA86C /* Sources */ = {
			isa = PBXSourcesBuildPhase;
			buildActionMask = 2147483647;
			files = (
				989B4F0717DB89B9BF312CED /* CacheRateLevelTests.swift in Sources */,
				A4FA66140373C40E316035E8 /* DateWindowsTests.swift in Sources */,
				C94A5D7C1359506C7C584CC6 /* FormattersTests.swift in Sources */,
				C6F7D760206E578EC2788659 /* PlaceholderTests.swift in Sources */,
				B239E49782FB399DF952A36F /* PricingTests.swift in Sources */,
				D7BE4EA21A73BC4255895154 /* UsageRepositoryTests.swift in Sources */,
			);
			runOnlyForDeploymentPostprocessing = 0;
		};
		1E814BAFDD94157EC66A4882 /* Sources */ = {
			isa = PBXSourcesBuildPhase;
			buildActionMask = 2147483647;
			files = (
				3004EF68DC67B70942BC75F2 /* AppDelegate.swift in Sources */,
				9622CF639BCAA42312F549BC /* DashboardView.swift in Sources */,
				72CDFE1B21A646B74ECA57D0 /* DataStore.swift in Sources */,
				499D030563E427DD7449DA2C /* DateWindows.swift in Sources */,
				E6F70463B0D1DE72A108AEBC /* Formatters.swift in Sources */,
				6CECACB40A119D0EF593B192 /* HeatmapView.swift in Sources */,
				C6AD5A0678EBE3365FC811C5 /* ModelListView.swift in Sources */,
				C659118F1C52BDB8A0AE3F3D /* Pricing.swift in Sources */,
				957208A9F94D9DCFDA0DF70E /* PricingStore.swift in Sources */,
				54FC880674DD477670006F88 /* SQLiteDatabase.swift in Sources */,
				4F53CA6379FCB83C62599F24 /* Screenshotter.swift in Sources */,
				F52F5E082DCE8FA47E5C3ECD /* SettingsStore.swift in Sources */,
				C480F9F5785088C97416DE3C /* SettingsView.swift in Sources */,
				FA460544E69B120972132625 /* SnapshotView.swift in Sources */,
				BD8B9D26C628249FAB5D9880 /* SummaryView.swift in Sources */,
				9D9F2C18D7E2F9760B8B5F1B /* TimeRangeSelector.swift in Sources */,
				5CCECC229058C5E9BFED96C2 /* TrendChartView.swift in Sources */,
				63E7536505C432B2F6EE72B5 /* UBTokens.swift in Sources */,
				6837C39623DE40029B6DF4D2 /* UsageModels.swift in Sources */,
				F7FC7464D787EB1C13BDB50C /* UsageProgressBar.swift in Sources */,
				D76DB6B4B3A698859074F70B /* UsageRepository.swift in Sources */,
				6CBFE152B555E35765DCB63B /* ccMonitorApp.swift in Sources */,
			);
			runOnlyForDeploymentPostprocessing = 0;
		};
/* End PBXSourcesBuildPhase section */

/* Begin PBXTargetDependency section */
		0EAABD197A8D224493CD6FD6 /* PBXTargetDependency */ = {
			isa = PBXTargetDependency;
			target = 753EFA2DE55D18E9775D7B5E /* ccMonitor */;
			targetProxy = C29DBE0FFA3D0A9FF506EA74 /* PBXContainerItemProxy */;
		};
/* End PBXTargetDependency section */

/* Begin XCBuildConfiguration section */
		25921DB9B36D83ADC0B2B0DE /* Debug */ = {
			isa = XCBuildConfiguration;
			buildSettings = {
				BUNDLE_LOADER = "$(TEST_HOST)";
				COMBINE_HIDPI_IMAGES = YES;
				LD_RUNPATH_SEARCH_PATHS = (
					"$(inherited)",
					"@executable_path/../Frameworks",
					"@loader_path/../Frameworks",
				);
				OTHER_LDFLAGS = "-lsqlite3";
				SDKROOT = macosx;
				TEST_HOST = "$(BUILT_PRODUCTS_DIR)/ccMonitor.app/Contents/MacOS/ccMonitor";
			};
			name = Debug;
		};
		3187D4BB430536AE6ACCDB6A /* Release */ = {
			isa = XCBuildConfiguration;
			buildSettings = {
				BUNDLE_LOADER = "$(TEST_HOST)";
				COMBINE_HIDPI_IMAGES = YES;
				LD_RUNPATH_SEARCH_PATHS = (
					"$(inherited)",
					"@executable_path/../Frameworks",
					"@loader_path/../Frameworks",
				);
				OTHER_LDFLAGS = "-lsqlite3";
				SDKROOT = macosx;
				TEST_HOST = "$(BUILT_PRODUCTS_DIR)/ccMonitor.app/Contents/MacOS/ccMonitor";
			};
			name = Release;
		};
		92624570AFF2E461E35CC3D9 /* Release */ = {
			isa = XCBuildConfiguration;
			buildSettings = {
				ASSETCATALOG_COMPILER_APPICON_NAME = AppIcon;
				COMBINE_HIDPI_IMAGES = YES;
				LD_RUNPATH_SEARCH_PATHS = (
					"$(inherited)",
					"@executable_path/../Frameworks",
				);
				OTHER_LDFLAGS = "-lsqlite3";
				SDKROOT = macosx;
			};
			name = Release;
		};
		A78802050B375897FF888679 /* Debug */ = {
			isa = XCBuildConfiguration;
			buildSettings = {
				ASSETCATALOG_COMPILER_APPICON_NAME = AppIcon;
				COMBINE_HIDPI_IMAGES = YES;
				LD_RUNPATH_SEARCH_PATHS = (
					"$(inherited)",
					"@executable_path/../Frameworks",
				);
				OTHER_LDFLAGS = "-lsqlite3";
				SDKROOT = macosx;
			};
			name = Debug;
		};
		FA8977DEE6F248A4763D7DFA /* Debug */ = {
			isa = XCBuildConfiguration;
			buildSettings = {
				ALWAYS_SEARCH_USER_PATHS = NO;
				CLANG_ANALYZER_NONNULL = YES;
				CLANG_ANALYZER_NUMBER_OBJECT_CONVERSION = YES_AGGRESSIVE;
				CLANG_CXX_LANGUAGE_STANDARD = "gnu++14";
				CLANG_CXX_LIBRARY = "libc++";
				CLANG_ENABLE_MODULES = YES;
				CLANG_ENABLE_OBJC_ARC = YES;
				CLANG_ENABLE_OBJC_WEAK = YES;
				CLANG_WARN_BLOCK_CAPTURE_AUTORELEASING = YES;
				CLANG_WARN_BOOL_CONVERSION = YES;
				CLANG_WARN_COMMA = YES;
				CLANG_WARN_CONSTANT_CONVERSION = YES;
				CLANG_WARN_DEPRECATED_OBJC_IMPLEMENTATIONS = YES;
				CLANG_WARN_DIRECT_OBJC_ISA_USAGE = YES_ERROR;
				CLANG_WARN_DOCUMENTATION_COMMENTS = YES;
				CLANG_WARN_EMPTY_BODY = YES;
				CLANG_WARN_ENUM_CONVERSION = YES;
				CLANG_WARN_INFINITE_RECURSION = YES;
				CLANG_WARN_INT_CONVERSION = YES;
				CLANG_WARN_NON_LITERAL_NULL_CONVERSION = YES;
				CLANG_WARN_OBJC_IMPLICIT_RETAIN_SELF = YES;
				CLANG_WARN_OBJC_LITERAL_CONVERSION = YES;
				CLANG_WARN_OBJC_ROOT_CLASS = YES_ERROR;
				CLANG_WARN_QUOTED_INCLUDE_IN_FRAMEWORK_HEADER = YES;
				CLANG_WARN_RANGE_LOOP_ANALYSIS = YES;
				CLANG_WARN_STRICT_PROTOTYPES = YES;
				CLANG_WARN_SUSPICIOUS_MOVE = YES;
				CLANG_WARN_UNGUARDED_AVAILABILITY = YES_AGGRESSIVE;
				CLANG_WARN_UNREACHABLE_CODE = YES;
				CLANG_WARN__DUPLICATE_METHOD_MATCH = YES;
				CODE_SIGN_STYLE = Automatic;
				COPY_PHASE_STRIP = NO;
				CURRENT_PROJECT_VERSION = 1;
				DEBUG_INFORMATION_FORMAT = dwarf;
				ENABLE_HARDENED_RUNTIME = YES;
				ENABLE_STRICT_OBJC_MSGSEND = YES;
				ENABLE_TESTABILITY = YES;
				GCC_C_LANGUAGE_STANDARD = gnu11;
				GCC_DYNAMIC_NO_PIC = NO;
				GCC_NO_COMMON_BLOCKS = YES;
				GCC_OPTIMIZATION_LEVEL = 0;
				GCC_PREPROCESSOR_DEFINITIONS = (
					"$(inherited)",
					"DEBUG=1",
				);
				GCC_WARN_64_TO_32_BIT_CONVERSION = YES;
				GCC_WARN_ABOUT_RETURN_TYPE = YES_ERROR;
				GCC_WARN_UNDECLARED_SELECTOR = YES;
				GCC_WARN_UNINITIALIZED_AUTOS = YES_AGGRESSIVE;
				GCC_WARN_UNUSED_FUNCTION = YES;
				GCC_WARN_UNUSED_VARIABLE = YES;
				GENERATE_INFOPLIST_FILE = YES;
				INFOPLIST_KEY_LSUIElement = YES;
				INFOPLIST_KEY_NSHumanReadableCopyright = "";
				MACOSX_DEPLOYMENT_TARGET = 13.0;
				MARKETING_VERSION = 1.0;
				MTL_ENABLE_DEBUG_INFO = INCLUDE_SOURCE;
				MTL_FAST_MATH = YES;
				ONLY_ACTIVE_ARCH = YES;
				PRODUCT_BUNDLE_IDENTIFIER = com.ccmonitor.app;
				PRODUCT_NAME = "$(TARGET_NAME)";
				SDKROOT = macosx;
				SWIFT_ACTIVE_COMPILATION_CONDITIONS = DEBUG;
				SWIFT_OPTIMIZATION_LEVEL = "-Onone";
				SWIFT_VERSION = 5.0;
			};
			name = Debug;
		};
		FDDFC9414DD88187AA1E8D20 /* Release */ = {
			isa = XCBuildConfiguration;
			buildSettings = {
				ALWAYS_SEARCH_USER_PATHS = NO;
				CLANG_ANALYZER_NONNULL = YES;
				CLANG_ANALYZER_NUMBER_OBJECT_CONVERSION = YES_AGGRESSIVE;
				CLANG_CXX_LANGUAGE_STANDARD = "gnu++14";
				CLANG_CXX_LIBRARY = "libc++";
				CLANG_ENABLE_MODULES = YES;
				CLANG_ENABLE_OBJC_ARC = YES;
				CLANG_ENABLE_OBJC_WEAK = YES;
				CLANG_WARN_BLOCK_CAPTURE_AUTORELEASING = YES;
				CLANG_WARN_BOOL_CONVERSION = YES;
				CLANG_WARN_COMMA = YES;
				CLANG_WARN_CONSTANT_CONVERSION = YES;
				CLANG_WARN_DEPRECATED_OBJC_IMPLEMENTATIONS = YES;
				CLANG_WARN_DIRECT_OBJC_ISA_USAGE = YES_ERROR;
				CLANG_WARN_DOCUMENTATION_COMMENTS = YES;
				CLANG_WARN_EMPTY_BODY = YES;
				CLANG_WARN_ENUM_CONVERSION = YES;
				CLANG_WARN_INFINITE_RECURSION = YES;
				CLANG_WARN_INT_CONVERSION = YES;
				CLANG_WARN_NON_LITERAL_NULL_CONVERSION = YES;
				CLANG_WARN_OBJC_IMPLICIT_RETAIN_SELF = YES;
				CLANG_WARN_OBJC_LITERAL_CONVERSION = YES;
				CLANG_WARN_OBJC_ROOT_CLASS = YES_ERROR;
				CLANG_WARN_QUOTED_INCLUDE_IN_FRAMEWORK_HEADER = YES;
				CLANG_WARN_RANGE_LOOP_ANALYSIS = YES;
				CLANG_WARN_STRICT_PROTOTYPES = YES;
				CLANG_WARN_SUSPICIOUS_MOVE = YES;
				CLANG_WARN_UNGUARDED_AVAILABILITY = YES_AGGRESSIVE;
				CLANG_WARN_UNREACHABLE_CODE = YES;
				CLANG_WARN__DUPLICATE_METHOD_MATCH = YES;
				CODE_SIGN_STYLE = Automatic;
				COPY_PHASE_STRIP = NO;
				CURRENT_PROJECT_VERSION = 1;
				DEBUG_INFORMATION_FORMAT = "dwarf-with-dsym";
				ENABLE_HARDENED_RUNTIME = YES;
				ENABLE_NS_ASSERTIONS = NO;
				ENABLE_STRICT_OBJC_MSGSEND = YES;
				GCC_C_LANGUAGE_STANDARD = gnu11;
				GCC_NO_COMMON_BLOCKS = YES;
				GCC_WARN_64_TO_32_BIT_CONVERSION = YES;
				GCC_WARN_ABOUT_RETURN_TYPE = YES_ERROR;
				GCC_WARN_UNDECLARED_SELECTOR = YES;
				GCC_WARN_UNINITIALIZED_AUTOS = YES_AGGRESSIVE;
				GCC_WARN_UNUSED_FUNCTION = YES;
				GCC_WARN_UNUSED_VARIABLE = YES;
				GENERATE_INFOPLIST_FILE = YES;
				INFOPLIST_KEY_LSUIElement = YES;
				INFOPLIST_KEY_NSHumanReadableCopyright = "";
				MACOSX_DEPLOYMENT_TARGET = 13.0;
				MARKETING_VERSION = 1.0;
				MTL_ENABLE_DEBUG_INFO = NO;
				MTL_FAST_MATH = YES;
				PRODUCT_BUNDLE_IDENTIFIER = com.ccmonitor.app;
				PRODUCT_NAME = "$(TARGET_NAME)";
				SDKROOT = macosx;
				SWIFT_COMPILATION_MODE = wholemodule;
				SWIFT_OPTIMIZATION_LEVEL = "-O";
				SWIFT_VERSION = 5.0;
			};
			name = Release;
		};
/* End XCBuildConfiguration section */

/* Begin XCConfigurationList section */
		12E1476427796755CEA8343E /* Build configuration list for PBXNativeTarget "ccMonitorTests" */ = {
			isa = XCConfigurationList;
			buildConfigurations = (
				25921DB9B36D83ADC0B2B0DE /* Debug */,
				3187D4BB430536AE6ACCDB6A /* Release */,
			);
			defaultConfigurationIsVisible = 0;
			defaultConfigurationName = Debug;
		};
		1A9E3A21BA799BDBEEAD5012 /* Build configuration list for PBXProject "ccMonitor" */ = {
			isa = XCConfigurationList;
			buildConfigurations = (
				FA8977DEE6F248A4763D7DFA /* Debug */,
				FDDFC9414DD88187AA1E8D20 /* Release */,
			);
			defaultConfigurationIsVisible = 0;
			defaultConfigurationName = Debug;
		};
		E10ECA17434EBC04781B6C46 /* Build configuration list for PBXNativeTarget "ccMonitor" */ = {
			isa = XCConfigurationList;
			buildConfigurations = (
				A78802050B375897FF888679 /* Debug */,
				92624570AFF2E461E35CC3D9 /* Release */,
			);
			defaultConfigurationIsVisible = 0;
			defaultConfigurationName = Debug;
		};
/* End XCConfigurationList section */
	};
	rootObject = C2EC05414CF510DB9B5811D0 /* Project object */;
}
